
Microsoft Visual Studio Solution File, Format Version 12.00
# Visual Studio Express 15 for Windows Desktop
VisualStudioVersion = 15.0.33026.149
MinimumVisualStudioVersion = 10.0.40219.1
Project("{F184B08F-C81C-45F6-A57F-5ABD9991F28F}") = "ManualTransferTool", "ManualTransferTool\ManualTransferTool.vbproj", "{6592D198-4D25-4CD6-B1C1-92FA7B6132D5}"
EndProject
Global
	GlobalSection(SolutionConfigurationPlatforms) = preSolution
		Debug|Any CPU = Debug|Any CPU
		Release|Any CPU = Release|Any CPU
	EndGlobalSection
	GlobalSection(ProjectConfigurationPlatforms) = postSolution
		{6592D198-4D25-4CD6-B1C1-92FA7B6132D5}.Debug|Any CPU.ActiveCfg = Debug|Any CPU
		{6592D198-4D25-4CD6-B1C1-92FA7B6132D5}.Debug|Any CPU.Build.0 = Debug|Any CPU
		{6592D198-4D25-4CD6-B1C1-92FA7B6132D5}.Release|Any CPU.ActiveCfg = Release|Any CPU
		{6592D198-4D25-4CD6-B1C1-92FA7B6132D5}.Release|Any CPU.Build.0 = Release|Any CPU
	EndGlobalSection
	GlobalSection(SolutionProperties) = preSolution
		HideSolutionNode = FALSE
	EndGlobalSection
	GlobalSection(ExtensibilityGlobals) = postSolution
		SolutionGuid = {3E22DBC5-68DE-4FF4-8D24-49E781982E64}
	EndGlobalSection
EndGlobal
